Microsoft Visual Studio Solution File, Format Version 12.00
# Visual Studio 2012
Project("{FAE04EC0-301F-11D3-BF4B-00C04F79EFBC}") = "Chromonia", "Chromonia.csproj", "{1EC7F08B-3C23-4B75-B3CE-0AA9A172756C}"
EndProject
Global
	GlobalSection(SolutionConfigurationPlatforms) = preSolution
	Debug|Any CPU = Debug|Any CPU
	ExportDebug|Any CPU = ExportDebug|Any CPU
	ExportRelease|Any CPU = ExportRelease|Any CPU
	EndGlobalSection
	GlobalSection(ProjectConfigurationPlatforms) = postSolution
		{1EC7F08B-3C23-4B75-B3CE-0AA9A172756C}.Debug|Any CPU.ActiveCfg = Debug|Any CPU
		{1EC7F08B-3C23-4B75-B3CE-0AA9A172756C}.Debug|Any CPU.Build.0 = Debug|Any CPU
		{1EC7F08B-3C23-4B75-B3CE-0AA9A172756C}.ExportDebug|Any CPU.ActiveCfg = ExportDebug|Any CPU
		{1EC7F08B-3C23-4B75-B3CE-0AA9A172756C}.ExportDebug|Any CPU.Build.0 = ExportDebug|Any CPU
		{1EC7F08B-3C23-4B75-B3CE-0AA9A172756C}.ExportRelease|Any CPU.ActiveCfg = ExportRelease|Any CPU
		{1EC7F08B-3C23-4B75-B3CE-0AA9A172756C}.ExportRelease|Any CPU.Build.0 = ExportRelease|Any CPU
	EndGlobalSection
EndGlobal
